
Microsoft Visual Studio Solution File, Format Version 12.00
# Visual Studio 15
VisualStudioVersion = 15.0.26730.12
MinimumVisualStudioVersion = 10.0.40219.1
Project("{FAE04EC0-301F-11D3-BF4B-00C04F79EFBC}") = "LaboratorioAlexandre", "LaboratorioAlexandre\LaboratorioAlexandre.csproj", "{C2162B7D-4116-4FCC-B27C-8BF3AE0E171B}"
EndProject
Global
	GlobalSection(SolutionConfigurationPlatforms) = preSolution
		Debug|Any CPU = Debug|Any CPU
		Release|Any CPU = Release|Any CPU
	EndGlobalSection
	GlobalSection(ProjectConfigurationPlatforms) = postSolution
		{C2162B7D-4116-4FCC-B27C-8BF3AE0E171B}.Debug|Any CPU.ActiveCfg = Debug|Any CPU
		{C2162B7D-4116-4FCC-B27C-8BF3AE0E171B}.Debug|Any CPU.Build.0 = Debug|Any CPU
		{C2162B7D-4116-4FCC-B27C-8BF3AE0E171B}.Release|Any CPU.ActiveCfg = Release|Any CPU
		{C2162B7D-4116-4FCC-B27C-8BF3AE0E171B}.Release|Any CPU.Build.0 = Release|Any CPU
	EndGlobalSection
	GlobalSection(SolutionProperties) = preSolution
		HideSolutionNode = FALSE
	EndGlobalSection
	GlobalSection(ExtensibilityGlobals) = postSolution
		SolutionGuid = {F8C302BD-B441-4AFB-A35A-263A0FFD3AE5}
	EndGlobalSection
EndGlobal
